
Microsoft Visual Studio Solution File, Format Version 12.00
# Visual Studio 15
VisualStudioVersion = 15.0.28010.2050
MinimumVisualStudioVersion = 10.0.40219.1
Project("{FAE04EC0-301F-11D3-BF4B-00C04F79EFBC}") = "DelBot", "DelBot\DelBot.csproj", "{A25C5FA8-0E68-44A6-B747-6FDE32EE403D}"
EndProject
Global
	GlobalSection(SolutionConfigurationPlatforms) = preSolution
		Debug|Any CPU = Debug|Any CPU
		Release|Any CPU = Release|Any CPU
	EndGlobalSection
	GlobalSection(ProjectConfigurationPlatforms) = postSolution
		{A25C5FA8-0E68-44A6-B747-6FDE32EE403D}.Debug|Any CPU.ActiveCfg = Debug|Any CPU
		{A25C5FA8-0E68-44A6-B747-6FDE32EE403D}.Debug|Any CPU.Build.0 = Debug|Any CPU
		{A25C5FA8-0E68-44A6-B747-6FDE32EE403D}.Release|Any CPU.ActiveCfg = Release|Any CPU
		{A25C5FA8-0E68-44A6-B747-6FDE32EE403D}.Release|Any CPU.Build.0 = Release|Any CPU
	EndGlobalSection
	GlobalSection(SolutionProperties) = preSolution
		HideSolutionNode = FALSE
	EndGlobalSection
	GlobalSection(ExtensibilityGlobals) = postSolution
		SolutionGuid = {6C33F6CA-5BA3-4B39-B1CB-BF50DE37E10F}
	EndGlobalSection
EndGlobal
