
Microsoft Visual Studio Solution File, Format Version 12.00
# Visual Studio Version 16
VisualStudioVersion = 16.0.29009.5
MinimumVisualStudioVersion = 10.0.40219.1
Project("{F2A71F9B-5D33-465A-A702-920D77279786}") = "TestBot", "TestBot\TestBot.fsproj", "{AE6D565A-8505-4A12-BA76-BE0D9B47FC64}"
EndProject
Global
	GlobalSection(SolutionConfigurationPlatforms) = preSolution
		Debug|Any CPU = Debug|Any CPU
		Release|Any CPU = Release|Any CPU
	EndGlobalSection
	GlobalSection(ProjectConfigurationPlatforms) = postSolution
		{AE6D565A-8505-4A12-BA76-BE0D9B47FC64}.Debug|Any CPU.ActiveCfg = Debug|Any CPU
		{AE6D565A-8505-4A12-BA76-BE0D9B47FC64}.Debug|Any CPU.Build.0 = Debug|Any CPU
		{AE6D565A-8505-4A12-BA76-BE0D9B47FC64}.Release|Any CPU.ActiveCfg = Release|Any CPU
		{AE6D565A-8505-4A12-BA76-BE0D9B47FC64}.Release|Any CPU.Build.0 = Release|Any CPU
	EndGlobalSection
	GlobalSection(SolutionProperties) = preSolution
		HideSolutionNode = FALSE
	EndGlobalSection
	GlobalSection(ExtensibilityGlobals) = postSolution
		SolutionGuid = {11EE8FDB-EDF1-4049-B857-6D6C32A4A254}
	EndGlobalSection
EndGlobal
