
Microsoft Visual Studio Solution File, Format Version 12.00
# Visual Studio 15
VisualStudioVersion = 15.0.27130.0
MinimumVisualStudioVersion = 10.0.40219.1
Project("{FAE04EC0-301F-11D3-BF4B-00C04F79EFBC}") = "MarxBot", "MarxBot\MarxBot.csproj", "{31DC7AA1-5F17-4E26-A9CD-8E3DEFEB9357}"
EndProject
Global
	GlobalSection(SolutionConfigurationPlatforms) = preSolution
		Debug|Any CPU = Debug|Any CPU
		Release|Any CPU = Release|Any CPU
	EndGlobalSection
	GlobalSection(ProjectConfigurationPlatforms) = postSolution
		{31DC7AA1-5F17-4E26-A9CD-8E3DEFEB9357}.Debug|Any CPU.ActiveCfg = Debug|Any CPU
		{31DC7AA1-5F17-4E26-A9CD-8E3DEFEB9357}.Debug|Any CPU.Build.0 = Debug|Any CPU
		{31DC7AA1-5F17-4E26-A9CD-8E3DEFEB9357}.Release|Any CPU.ActiveCfg = Release|Any CPU
		{31DC7AA1-5F17-4E26-A9CD-8E3DEFEB9357}.Release|Any CPU.Build.0 = Release|Any CPU
	EndGlobalSection
	GlobalSection(SolutionProperties) = preSolution
		HideSolutionNode = FALSE
	EndGlobalSection
	GlobalSection(ExtensibilityGlobals) = postSolution
		SolutionGuid = {67685167-D153-44A8-9CF5-7AC663A8FCDB}
	EndGlobalSection
EndGlobal
